
Microsoft Visual Studio Solution File, Format Version 12.00
# Visual Studio Version 17
VisualStudioVersion = 17.6.33829.357
MinimumVisualStudioVersion = 10.0.40219.1
Project("{FAE04EC0-301F-11D3-BF4B-00C04F79EFBC}") = "ApiMongo", "ApiMongo\ApiMongo.csproj", "{7B67A12D-5A2D-445A-9DBC-72F3A53D20D9}"
EndProject
Global
	GlobalSection(SolutionConfigurationPlatforms) = preSolution
		Debug|Any CPU = Debug|Any CPU
		Release|Any CPU = Release|Any CPU
	EndGlobalSection
	GlobalSection(ProjectConfigurationPlatforms) = postSolution
		{7B67A12D-5A2D-445A-9DBC-72F3A53D20D9}.Debug|Any CPU.ActiveCfg = Debug|Any CPU
		{7B67A12D-5A2D-445A-9DBC-72F3A53D20D9}.Debug|Any CPU.Build.0 = Debug|Any CPU
		{7B67A12D-5A2D-445A-9DBC-72F3A53D20D9}.Release|Any CPU.ActiveCfg = Release|Any CPU
		{7B67A12D-5A2D-445A-9DBC-72F3A53D20D9}.Release|Any CPU.Build.0 = Release|Any CPU
	EndGlobalSection
	GlobalSection(SolutionProperties) = preSolution
		HideSolutionNode = FALSE
	EndGlobalSection
	GlobalSection(ExtensibilityGlobals) = postSolution
		SolutionGuid = {0EE53D33-A03F-4C4F-85DE-BB0A951CF395}
	EndGlobalSection
EndGlobal
